
Microsoft Visual Studio Solution File, Format Version 12.00
# Visual Studio Version 16
VisualStudioVersion = 16.0.29920.165
MinimumVisualStudioVersion = 10.0.40219.1
Project("{FAE04EC0-301F-11D3-BF4B-00C04F79EFBC}") = "Exercicio2", "Exercicio2\Exercicio2.csproj", "{DE70775F-F789-4F6F-A4CB-AF2948EB6093}"
EndProject
Global
	GlobalSection(SolutionConfigurationPlatforms) = preSolution
		Debug|Any CPU = Debug|Any CPU
		Release|Any CPU = Release|Any CPU
	EndGlobalSection
	GlobalSection(ProjectConfigurationPlatforms) = postSolution
		{DE70775F-F789-4F6F-A4CB-AF2948EB6093}.Debug|Any CPU.ActiveCfg = Debug|Any CPU
		{DE70775F-F789-4F6F-A4CB-AF2948EB6093}.Debug|Any CPU.Build.0 = Debug|Any CPU
		{DE70775F-F789-4F6F-A4CB-AF2948EB6093}.Release|Any CPU.ActiveCfg = Release|Any CPU
		{DE70775F-F789-4F6F-A4CB-AF2948EB6093}.Release|Any CPU.Build.0 = Release|Any CPU
	EndGlobalSection
	GlobalSection(SolutionProperties) = preSolution
		HideSolutionNode = FALSE
	EndGlobalSection
	GlobalSection(ExtensibilityGlobals) = postSolution
		SolutionGuid = {B7525CB5-EDC2-459B-8D32-B8B9A42AF010}
	EndGlobalSection
EndGlobal
